
Microsoft Visual Studio Solution File, Format Version 12.00
# Visual Studio Version 17
VisualStudioVersion = 17.8.34330.188
MinimumVisualStudioVersion = 10.0.40219.1
Project("{8BC9CEB8-8B4A-11D0-8D11-00A0C91BC942}") = "Program", "Program.vcxproj", "{9F9369A1-6E9C-4471-8076-9396100F06F2}"
EndProject
Project("{8BC9CEB8-8B4A-11D0-8D11-00A0C91BC942}") = "Class 1th(printf)", "..\Class 1th(printf)\Class 1th(printf).vcxproj", "{7B85C4C9-D03A-48AE-9AA8-F3820D553A90}"
EndProject
Project("{8BC9CEB8-8B4A-11D0-8D11-00A0C91BC942}") = "Class 2th(Variable & Constant)", "..\Class 2th\Class 2th.vcxproj", "{0E301108-47E9-4219-8E71-AFF22118CD19}"
EndProject
Project("{8BC9CEB8-8B4A-11D0-8D11-00A0C91BC942}") = "Class 3th(Bit)", "..\Class 3th(Bit)\Class 3th(Bit).vcxproj", "{0EC2AC97-4DBB-4CBB-BBD5-531E0E53D49D}"
EndProject
Project("{8BC9CEB8-8B4A-11D0-8D11-00A0C91BC942}") = "Class 4th(Overlow and Underflow)", "..\Class 4th(Overlow and Underflow)\Class 4th(Overlow and Underflow).vcxproj", "{AA5506AC-79FD-4A97-9AD9-C2185670A85F}"
EndProject
Project("{8BC9CEB8-8B4A-11D0-8D11-00A0C91BC942}") = "Class 5th(Conditional statement)", "..\Class 5th(Conditional statement)\Class 5th(Conditional statement).vcxproj", "{BF193D34-A0DB-4789-89AA-39A6679ECFEB}"
EndProject
Project("{8BC9CEB8-8B4A-11D0-8D11-00A0C91BC942}") = "Class 6th(repeat statement)", "..\Class 6th(repeat statement)\Class 6th(repeat statement).vcxproj", "{28EBBBF8-42DD-4536-BBB9-54D761F2A6CA}"
EndProject
Project("{8BC9CEB8-8B4A-11D0-8D11-00A0C91BC942}") = "Class 7th(bayel)", "..\Class 7th(bayel)\Class 7th(bayel).vcxproj", "{E1B3A1A0-ED7A-4C6D-8660-70618597927C}"
EndProject
Project("{8BC9CEB8-8B4A-11D0-8D11-00A0C91BC942}") = "Class 10th(string)", "..\Class 10th(string)\Class 10th(string).vcxproj", "{345309BC-9726-41B9-98D5-4724350A856A}"
EndProject
Project("{8BC9CEB8-8B4A-11D0-8D11-00A0C91BC942}") = "Class 11th(function)", "..\Class 11th(function)\Class 11th(function).vcxproj", "{374B7AC2-A8A3-49EC-8E66-F8475B507F3E}"
EndProject
Project("{8BC9CEB8-8B4A-11D0-8D11-00A0C91BC942}") = "Class 13th(Dynamic Allocation)", "..\Class 13th(Dynamic Allocation)\Class 13th(Dynamic Allocation).vcxproj", "{97470653-8DD3-452B-9B69-67A499DA56CA}"
EndProject
Project("{8BC9CEB8-8B4A-11D0-8D11-00A0C91BC942}") = "Class 14th(struct)", "..\Class 14th(struct)\Class 14th(struct).vcxproj", "{3C7F511C-7A9A-470C-A377-AFC4BAF6697C}"
EndProject
Global
	GlobalSection(SolutionConfigurationPlatforms) = preSolution
		Debug|x64 = Debug|x64
		Debug|x86 = Debug|x86
		Release|x64 = Release|x64
		Release|x86 = Release|x86
	EndGlobalSection
	GlobalSection(ProjectConfigurationPlatforms) = postSolution
		{9F9369A1-6E9C-4471-8076-9396100F06F2}.Debug|x64.ActiveCfg = Debug|x64
		{9F9369A1-6E9C-4471-8076-9396100F06F2}.Debug|x64.Build.0 = Debug|x64
		{9F9369A1-6E9C-4471-8076-9396100F06F2}.Debug|x86.ActiveCfg = Debug|Win32
		{9F9369A1-6E9C-4471-8076-9396100F06F2}.Debug|x86.Build.0 = Debug|Win32
		{9F9369A1-6E9C-4471-8076-9396100F06F2}.Release|x64.ActiveCfg = Release|x64
		{9F9369A1-6E9C-4471-8076-9396100F06F2}.Release|x64.Build.0 = Release|x64
		{9F9369A1-6E9C-4471-8076-9396100F06F2}.Release|x86.ActiveCfg = Release|Win32
		{9F9369A1-6E9C-4471-8076-9396100F06F2}.Release|x86.Build.0 = Release|Win32
		{7B85C4C9-D03A-48AE-9AA8-F3820D553A90}.Debug|x64.ActiveCfg = Debug|x64
		{7B85C4C9-D03A-48AE-9AA8-F3820D553A90}.Debug|x64.Build.0 = Debug|x64
		{7B85C4C9-D03A-48AE-9AA8-F3820D553A90}.Debug|x86.ActiveCfg = Debug|Win32
		{7B85C4C9-D03A-48AE-9AA8-F3820D553A90}.Debug|x86.Build.0 = Debug|Win32
		{7B85C4C9-D03A-48AE-9AA8-F3820D553A90}.Release|x64.ActiveCfg = Release|x64
		{7B85C4C9-D03A-48AE-9AA8-F3820D553A90}.Release|x64.Build.0 = Release|x64
		{7B85C4C9-D03A-48AE-9AA8-F3820D553A90}.Release|x86.ActiveCfg = Release|Win32
		{7B85C4C9-D03A-48AE-9AA8-F3820D553A90}.Release|x86.Build.0 = Release|Win32
		{0E301108-47E9-4219-8E71-AFF22118CD19}.Debug|x64.ActiveCfg = Debug|x64
		{0E301108-47E9-4219-8E71-AFF22118CD19}.Debug|x64.Build.0 = Debug|x64
		{0E301108-47E9-4219-8E71-AFF22118CD19}.Debug|x86.ActiveCfg = Debug|Win32
		{0E301108-47E9-4219-8E71-AFF22118CD19}.Debug|x86.Build.0 = Debug|Win32
		{0E301108-47E9-4219-8E71-AFF22118CD19}.Release|x64.ActiveCfg = Release|x64
		{0E301108-47E9-4219-8E71-AFF22118CD19}.Release|x64.Build.0 = Release|x64
		{0E301108-47E9-4219-8E71-AFF22118CD19}.Release|x86.ActiveCfg = Release|Win32
		{0E301108-47E9-4219-8E71-AFF22118CD19}.Release|x86.Build.0 = Release|Win32
		{0EC2AC97-4DBB-4CBB-BBD5-531E0E53D49D}.Debug|x64.ActiveCfg = Debug|x64
		{0EC2AC97-4DBB-4CBB-BBD5-531E0E53D49D}.Debug|x64.Build.0 = Debug|x64
		{0EC2AC97-4DBB-4CBB-BBD5-531E0E53D49D}.Debug|x86.ActiveCfg = Debug|Win32
		{0EC2AC97-4DBB-4CBB-BBD5-531E0E53D49D}.Debug|x86.Build.0 = Debug|Win32
		{0EC2AC97-4DBB-4CBB-BBD5-531E0E53D49D}.Release|x64.ActiveCfg = Release|x64
		{0EC2AC97-4DBB-4CBB-BBD5-531E0E53D49D}.Release|x64.Build.0 = Release|x64
		{0EC2AC97-4DBB-4CBB-BBD5-531E0E53D49D}.Release|x86.ActiveCfg = Release|Win32
		{0EC2AC97-4DBB-4CBB-BBD5-531E0E53D49D}.Release|x86.Build.0 = Release|Win32
		{AA5506AC-79FD-4A97-9AD9-C2185670A85F}.Debug|x64.ActiveCfg = Debug|x64
		{AA5506AC-79FD-4A97-9AD9-C2185670A85F}.Debug|x64.Build.0 = Debug|x64
		{AA5506AC-79FD-4A97-9AD9-C2185670A85F}.Debug|x86.ActiveCfg = Debug|Win32
		{AA5506AC-79FD-4A97-9AD9-C2185670A85F}.Debug|x86.Build.0 = Debug|Win32
		{AA5506AC-79FD-4A97-9AD9-C2185670A85F}.Release|x64.ActiveCfg = Release|x64
		{AA5506AC-79FD-4A97-9AD9-C2185670A85F}.Release|x64.Build.0 = Release|x64
		{AA5506AC-79FD-4A97-9AD9-C2185670A85F}.Release|x86.ActiveCfg = Release|Win32
		{AA5506AC-79FD-4A97-9AD9-C2185670A85F}.Release|x86.Build.0 = Release|Win32
		{BF193D34-A0DB-4789-89AA-39A6679ECFEB}.Debug|x64.ActiveCfg = Debug|x64
		{BF193D34-A0DB-4789-89AA-39A6679ECFEB}.Debug|x64.Build.0 = Debug|x64
		{BF193D34-A0DB-4789-89AA-39A6679ECFEB}.Debug|x86.ActiveCfg = Debug|Win32
		{BF193D34-A0DB-4789-89AA-39A6679ECFEB}.Debug|x86.Build.0 = Debug|Win32
		{BF193D34-A0DB-4789-89AA-39A6679ECFEB}.Release|x64.ActiveCfg = Release|x64
		{BF193D34-A0DB-4789-89AA-39A6679ECFEB}.Release|x64.Build.0 = Release|x64
		{BF193D34-A0DB-4789-89AA-39A6679ECFEB}.Release|x86.ActiveCfg = Release|Win32
		{BF193D34-A0DB-4789-89AA-39A6679ECFEB}.Release|x86.Build.0 = Release|Win32
		{28EBBBF8-42DD-4536-BBB9-54D761F2A6CA}.Debug|x64.ActiveCfg = Debug|x64
		{28EBBBF8-42DD-4536-BBB9-54D761F2A6CA}.Debug|x64.Build.0 = Debug|x64
		{28EBBBF8-42DD-4536-BBB9-54D761F2A6CA}.Debug|x86.ActiveCfg = Debug|Win32
		{28EBBBF8-42DD-4536-BBB9-54D761F2A6CA}.Debug|x86.Build.0 = Debug|Win32
		{28EBBBF8-42DD-4536-BBB9-54D761F2A6CA}.Release|x64.ActiveCfg = Release|x64
		{28EBBBF8-42DD-4536-BBB9-54D761F2A6CA}.Release|x64.Build.0 = Release|x64
		{28EBBBF8-42DD-4536-BBB9-54D761F2A6CA}.Release|x86.ActiveCfg = Release|Win32
		{28EBBBF8-42DD-4536-BBB9-54D761F2A6CA}.Release|x86.Build.0 = Release|Win32
		{E1B3A1A0-ED7A-4C6D-8660-70618597927C}.Debug|x64.ActiveCfg = Debug|x64
		{E1B3A1A0-ED7A-4C6D-8660-70618597927C}.Debug|x64.Build.0 = Debug|x64
		{E1B3A1A0-ED7A-4C6D-8660-70618597927C}.Debug|x86.ActiveCfg = Debug|Win32
		{E1B3A1A0-ED7A-4C6D-8660-70618597927C}.Debug|x86.Build.0 = Debug|Win32
		{E1B3A1A0-ED7A-4C6D-8660-70618597927C}.Release|x64.ActiveCfg = Release|x64
		{E1B3A1A0-ED7A-4C6D-8660-70618597927C}.Release|x64.Build.0 = Release|x64
		{E1B3A1A0-ED7A-4C6D-8660-70618597927C}.Release|x86.ActiveCfg = Release|Win32
		{E1B3A1A0-ED7A-4C6D-8660-70618597927C}.Release|x86.Build.0 = Release|Win32
		{345309BC-9726-41B9-98D5-4724350A856A}.Debug|x64.ActiveCfg = Debug|x64
		{345309BC-9726-41B9-98D5-4724350A856A}.Debug|x64.Build.0 = Debug|x64
		{345309BC-9726-41B9-98D5-4724350A856A}.Debug|x86.ActiveCfg = Debug|Win32
		{345309BC-9726-41B9-98D5-4724350A856A}.Debug|x86.Build.0 = Debug|Win32
		{345309BC-9726-41B9-98D5-4724350A856A}.Release|x64.ActiveCfg = Release|x64
		{345309BC-9726-41B9-98D5-4724350A856A}.Release|x64.Build.0 = Release|x64
		{345309BC-9726-41B9-98D5-4724350A856A}.Release|x86.ActiveCfg = Release|Win32
		{345309BC-9726-41B9-98D5-4724350A856A}.Release|x86.Build.0 = Release|Win32
		{374B7AC2-A8A3-49EC-8E66-F8475B507F3E}.Debug|x64.ActiveCfg = Debug|x64
		{374B7AC2-A8A3-49EC-8E66-F8475B507F3E}.Debug|x64.Build.0 = Debug|x64
		{374B7AC2-A8A3-49EC-8E66-F8475B507F3E}.Debug|x86.ActiveCfg = Debug|Win32
		{374B7AC2-A8A3-49EC-8E66-F8475B507F3E}.Debug|x86.Build.0 = Debug|Win32
		{374B7AC2-A8A3-49EC-8E66-F8475B507F3E}.Release|x64.ActiveCfg = Release|x64
		{374B7AC2-A8A3-49EC-8E66-F8475B507F3E}.Release|x64.Build.0 = Release|x64
		{374B7AC2-A8A3-49EC-8E66-F8475B507F3E}.Release|x86.ActiveCfg = Release|Win32
		{374B7AC2-A8A3-49EC-8E66-F8475B507F3E}.Release|x86.Build.0 = Release|Win32
		{97470653-8DD3-452B-9B69-67A499DA56CA}.Debug|x64.ActiveCfg = Debug|x64
		{97470653-8DD3-452B-9B69-67A499DA56CA}.Debug|x64.Build.0 = Debug|x64
		{97470653-8DD3-452B-9B69-67A499DA56CA}.Debug|x86.ActiveCfg = Debug|Win32
		{97470653-8DD3-452B-9B69-67A499DA56CA}.Debug|x86.Build.0 = Debug|Win32
		{97470653-8DD3-452B-9B69-67A499DA56CA}.Release|x64.ActiveCfg = Release|x64
		{97470653-8DD3-452B-9B69-67A499DA56CA}.Release|x64.Build.0 = Release|x64
		{97470653-8DD3-452B-9B69-67A499DA56CA}.Release|x86.ActiveCfg = Release|Win32
		{97470653-8DD3-452B-9B69-67A499DA56CA}.Release|x86.Build.0 = Release|Win32
		{3C7F511C-7A9A-470C-A377-AFC4BAF6697C}.Debug|x64.ActiveCfg = Debug|x64
		{3C7F511C-7A9A-470C-A377-AFC4BAF6697C}.Debug|x64.Build.0 = Debug|x64
		{3C7F511C-7A9A-470C-A377-AFC4BAF6697C}.Debug|x86.ActiveCfg = Debug|Win32
		{3C7F511C-7A9A-470C-A377-AFC4BAF6697C}.Debug|x86.Build.0 = Debug|Win32
		{3C7F511C-7A9A-470C-A377-AFC4BAF6697C}.Release|x64.ActiveCfg = Release|x64
		{3C7F511C-7A9A-470C-A377-AFC4BAF6697C}.Release|x64.Build.0 = Release|x64
		{3C7F511C-7A9A-470C-A377-AFC4BAF6697C}.Release|x86.ActiveCfg = Release|Win32
		{3C7F511C-7A9A-470C-A377-AFC4BAF6697C}.Release|x86.Build.0 = Release|Win32
	EndGlobalSection
	GlobalSection(SolutionProperties) = preSolution
		HideSolutionNode = FALSE
	EndGlobalSection
	GlobalSection(ExtensibilityGlobals) = postSolution
		SolutionGuid = {86B00EFF-9CB8-438C-B66F-98E13975C41A}
	EndGlobalSection
EndGlobal
